
Microsoft Visual Studio Solution File, Format Version 12.00
# Visual Studio Version 17
VisualStudioVersion = 17.2.32630.192
MinimumVisualStudioVersion = 10.0.40219.1
Project("{FAE04EC0-301F-11D3-BF4B-00C04F79EFBC}") = "read_and_write_card", "read_and_write_card.csproj", "{DF080C6B-DE19-4BA7-8207-5934D4169870}"
EndProject
Global
	GlobalSection(SolutionConfigurationPlatforms) = preSolution
		Debug|Any CPU = Debug|Any CPU
		Release|Any CPU = Release|Any CPU
	EndGlobalSection
	GlobalSection(ProjectConfigurationPlatforms) = postSolution
		{DF080C6B-DE19-4BA7-8207-5934D4169870}.Debug|Any CPU.ActiveCfg = Debug|Any CPU
		{DF080C6B-DE19-4BA7-8207-5934D4169870}.Debug|Any CPU.Build.0 = Debug|Any CPU
		{DF080C6B-DE19-4BA7-8207-5934D4169870}.Release|Any CPU.ActiveCfg = Release|Any CPU
		{DF080C6B-DE19-4BA7-8207-5934D4169870}.Release|Any CPU.Build.0 = Release|Any CPU
	EndGlobalSection
	GlobalSection(SolutionProperties) = preSolution
		HideSolutionNode = FALSE
	EndGlobalSection
	GlobalSection(ExtensibilityGlobals) = postSolution
		SolutionGuid = {5F41D348-231E-40C8-B655-90B473DA443D}
	EndGlobalSection
EndGlobal
